
Microsoft Visual Studio Solution File, Format Version 12.00
# Visual Studio Version 17
VisualStudioVersion = 17.5.33516.290
MinimumVisualStudioVersion = 10.0.40219.1
Project("{2150E333-8FDC-42A3-9474-1A3956D46DE8}") = "Solution Items", "Solution Items", "{01CC044C-5CD2-4C7E-A037-3E0F5993F7CD}"
	ProjectSection(SolutionItems) = preProject
		.editorconfig = .editorconfig
		.gitignore = .gitignore
		README.md = README.md
	EndProjectSection
EndProject
Project("{9A19103F-16F7-4668-BE54-9A1E7A4F7556}") = "polygon-client-net", "src\polygon-client-net.csproj", "{0328D0E0-70FF-41DB-A80D-1715FE0C0A81}"
EndProject
Project("{FAE04EC0-301F-11D3-BF4B-00C04F79EFBC}") = "polygon-client-net.Tests", "test\polygon-client-net.Tests.csproj", "{F3E98081-A901-40DA-9A1B-822BD802788A}"
EndProject
Global
	GlobalSection(SolutionConfigurationPlatforms) = preSolution
		Debug|Any CPU = Debug|Any CPU
		Release|Any CPU = Release|Any CPU
	EndGlobalSection
	GlobalSection(ProjectConfigurationPlatforms) = postSolution
		{0328D0E0-70FF-41DB-A80D-1715FE0C0A81}.Debug|Any CPU.ActiveCfg = Debug|Any CPU
		{0328D0E0-70FF-41DB-A80D-1715FE0C0A81}.Debug|Any CPU.Build.0 = Debug|Any CPU
		{0328D0E0-70FF-41DB-A80D-1715FE0C0A81}.Release|Any CPU.ActiveCfg = Release|Any CPU
		{0328D0E0-70FF-41DB-A80D-1715FE0C0A81}.Release|Any CPU.Build.0 = Release|Any CPU
		{F3E98081-A901-40DA-9A1B-822BD802788A}.Debug|Any CPU.ActiveCfg = Debug|Any CPU
		{F3E98081-A901-40DA-9A1B-822BD802788A}.Debug|Any CPU.Build.0 = Debug|Any CPU
		{F3E98081-A901-40DA-9A1B-822BD802788A}.Release|Any CPU.ActiveCfg = Release|Any CPU
		{F3E98081-A901-40DA-9A1B-822BD802788A}.Release|Any CPU.Build.0 = Release|Any CPU
	EndGlobalSection
	GlobalSection(SolutionProperties) = preSolution
		HideSolutionNode = FALSE
	EndGlobalSection
	GlobalSection(ExtensibilityGlobals) = postSolution
		SolutionGuid = {A77BB52C-406D-4B67-BB4A-A2E9BF1A08F9}
	EndGlobalSection
EndGlobal
